
Microsoft Visual Studio Solution File, Format Version 12.00
# Visual Studio Version 17
VisualStudioVersion = 17.14.36109.1 d17.14
MinimumVisualStudioVersion = 10.0.40219.1
Project("{FAE04EC0-301F-11D3-BF4B-00C04F79EFBC}") = "YMI_PMT_PayrollManagement_API", "YMI_PMT_PayrollManagement_API.csproj", "{38B918D4-7FE7-4569-A576-58725E6D287C}"
EndProject
Global
	GlobalSection(SolutionConfigurationPlatforms) = preSolution
		Debug|Any CPU = Debug|Any CPU
		Release|Any CPU = Release|Any CPU
	EndGlobalSection
	GlobalSection(ProjectConfigurationPlatforms) = postSolution
		{38B918D4-7FE7-4569-A576-58725E6D287C}.Debug|Any CPU.ActiveCfg = Debug|Any CPU
		{38B918D4-7FE7-4569-A576-58725E6D287C}.Debug|Any CPU.Build.0 = Debug|Any CPU
		{38B918D4-7FE7-4569-A576-58725E6D287C}.Release|Any CPU.ActiveCfg = Release|Any CPU
		{38B918D4-7FE7-4569-A576-58725E6D287C}.Release|Any CPU.Build.0 = Release|Any CPU
	EndGlobalSection
	GlobalSection(SolutionProperties) = preSolution
		HideSolutionNode = FALSE
	EndGlobalSection
	GlobalSection(ExtensibilityGlobals) = postSolution
		SolutionGuid = {E65A353E-9799-4AD5-8AB9-AE0515462430}
	EndGlobalSection
EndGlobal
